
Microsoft Visual Studio Solution File, Format Version 12.00
# Visual Studio Version 17
VisualStudioVersion = 17.5.002.0
MinimumVisualStudioVersion = 10.0.40219.1
Project("{9A19103F-16F7-4668-BE54-9A1E7A4F7556}") = "linqc#", "linqc#.csproj", "{90F3329F-6C2F-427C-8376-038C3BAD8FAE}"
EndProject
Global
	GlobalSection(SolutionConfigurationPlatforms) = preSolution
		Debug|Any CPU = Debug|Any CPU
		Release|Any CPU = Release|Any CPU
	EndGlobalSection
	GlobalSection(ProjectConfigurationPlatforms) = postSolution
		{90F3329F-6C2F-427C-8376-038C3BAD8FAE}.Debug|Any CPU.ActiveCfg = Debug|Any CPU
		{90F3329F-6C2F-427C-8376-038C3BAD8FAE}.Debug|Any CPU.Build.0 = Debug|Any CPU
		{90F3329F-6C2F-427C-8376-038C3BAD8FAE}.Release|Any CPU.ActiveCfg = Release|Any CPU
		{90F3329F-6C2F-427C-8376-038C3BAD8FAE}.Release|Any CPU.Build.0 = Release|Any CPU
	EndGlobalSection
	GlobalSection(SolutionProperties) = preSolution
		HideSolutionNode = FALSE
	EndGlobalSection
	GlobalSection(ExtensibilityGlobals) = postSolution
		SolutionGuid = {E47C2AFB-55DA-4FA9-B810-9452B8D3449F}
	EndGlobalSection
EndGlobal
